
Microsoft Visual Studio Solution File, Format Version 12.00
# Visual Studio Version 16
VisualStudioVersion = 16.0.30413.136
MinimumVisualStudioVersion = 10.0.40219.1
Project("{FAE04EC0-301F-11D3-BF4B-00C04F79EFBC}") = "KafkaClients4Partitions", "KafkaClients\KafkaClients4Partitions.csproj", "{1195CA64-55EB-4C17-8DDC-2391903A14C7}"
EndProject
Project("{FAE04EC0-301F-11D3-BF4B-00C04F79EFBC}") = "KafkaClientsSpecificPartitions", "KafkaClientsSpecificPartitions\KafkaClientsSpecificPartitions.csproj", "{506923A5-C899-467B-910B-5921F624EA30}"
EndProject
Project("{FAE04EC0-301F-11D3-BF4B-00C04F79EFBC}") = "KafkaClientsKeyedMessages", "KafkaClientsKeyedMessages\KafkaClientsKeyedMessages.csproj", "{67761743-68D7-4818-9A55-600ED62913EF}"
EndProject
Global
	GlobalSection(SolutionConfigurationPlatforms) = preSolution
		Debug|Any CPU = Debug|Any CPU
		Release|Any CPU = Release|Any CPU
	EndGlobalSection
	GlobalSection(ProjectConfigurationPlatforms) = postSolution
		{1195CA64-55EB-4C17-8DDC-2391903A14C7}.Debug|Any CPU.ActiveCfg = Debug|Any CPU
		{1195CA64-55EB-4C17-8DDC-2391903A14C7}.Debug|Any CPU.Build.0 = Debug|Any CPU
		{1195CA64-55EB-4C17-8DDC-2391903A14C7}.Release|Any CPU.ActiveCfg = Release|Any CPU
		{1195CA64-55EB-4C17-8DDC-2391903A14C7}.Release|Any CPU.Build.0 = Release|Any CPU
		{506923A5-C899-467B-910B-5921F624EA30}.Debug|Any CPU.ActiveCfg = Debug|Any CPU
		{506923A5-C899-467B-910B-5921F624EA30}.Debug|Any CPU.Build.0 = Debug|Any CPU
		{506923A5-C899-467B-910B-5921F624EA30}.Release|Any CPU.ActiveCfg = Release|Any CPU
		{506923A5-C899-467B-910B-5921F624EA30}.Release|Any CPU.Build.0 = Release|Any CPU
		{67761743-68D7-4818-9A55-600ED62913EF}.Debug|Any CPU.ActiveCfg = Debug|Any CPU
		{67761743-68D7-4818-9A55-600ED62913EF}.Debug|Any CPU.Build.0 = Debug|Any CPU
		{67761743-68D7-4818-9A55-600ED62913EF}.Release|Any CPU.ActiveCfg = Release|Any CPU
		{67761743-68D7-4818-9A55-600ED62913EF}.Release|Any CPU.Build.0 = Release|Any CPU
	EndGlobalSection
	GlobalSection(SolutionProperties) = preSolution
		HideSolutionNode = FALSE
	EndGlobalSection
	GlobalSection(ExtensibilityGlobals) = postSolution
		SolutionGuid = {6E480614-6959-4367-8F5A-08F1B00996BD}
	EndGlobalSection
EndGlobal
